
Microsoft Visual Studio Solution File, Format Version 12.00
# Visual Studio Version 17
VisualStudioVersion = 17.0.31903.59
MinimumVisualStudioVersion = 10.0.40219.1
Project("{FAE04EC0-301F-11D3-BF4B-00C04F79EFBC}") = "patterns-factory-method", "app\patterns-factory-method.csproj", "{DE1E3D7B-002B-47ED-9D61-F618D0D35C86}"
EndProject
Global
	GlobalSection(SolutionConfigurationPlatforms) = preSolution
		Debug|Any CPU = Debug|Any CPU
		Release|Any CPU = Release|Any CPU
	EndGlobalSection
	GlobalSection(SolutionProperties) = preSolution
		HideSolutionNode = FALSE
	EndGlobalSection
	GlobalSection(ProjectConfigurationPlatforms) = postSolution
		{DE1E3D7B-002B-47ED-9D61-F618D0D35C86}.Debug|Any CPU.ActiveCfg = Debug|Any CPU
		{DE1E3D7B-002B-47ED-9D61-F618D0D35C86}.Debug|Any CPU.Build.0 = Debug|Any CPU
		{DE1E3D7B-002B-47ED-9D61-F618D0D35C86}.Release|Any CPU.ActiveCfg = Release|Any CPU
		{DE1E3D7B-002B-47ED-9D61-F618D0D35C86}.Release|Any CPU.Build.0 = Release|Any CPU
	EndGlobalSection
EndGlobal
